<?xml version="1.0" encoding="UTF-8" standalone="yes" ?>
<CodeBlocks_project_file>
	<FileVersion major="1" minor="6" />
	<Project>
		<Option title="New PCX" />
		<Option pch_mode="2" />
		<Option compiler="gcc" />
		<Build>
			<Target title="Debug">
				<Option output="bin/Debug/New PCX" prefix_auto="1" extension_auto="1" />
				<Option object_output="obj/Debug/" />
				<Option type="1" />
				<Option compiler="gcc" />
				<Compiler>
					<Add option="-g" />
				</Compiler>
			</Target>
			<Target title="Release">
				<Option output="bin/Release/New PCX" prefix_auto="1" extension_auto="1" />
				<Option object_output="obj/Release/" />
				<Option type="1" />
				<Option compiler="gcc" />
				<Compiler>
					<Add option="-O2" />
				</Compiler>
				<Linker>
					<Add option="-s" />
				</Linker>
			</Target>
		</Build>
		<Compiler>
			<Add option="-Wall" />
		</Compiler>
		<Unit filename="SRC/Doxyfile" />
		<Unit filename="SRC/Makefile" />
		<Unit filename="SRC/Makefile.in" />
		<Unit filename="SRC/Ng-Peyton.c">
			<Option compilerVar="CC" />
		</Unit>
		<Unit filename="SRC/Ng-Peyton.h" />
		<Unit filename="SRC/Ng-Peyton.o" />
		<Unit filename="SRC/PCx.c">
			<Option compilerVar="CC" />
		</Unit>
		<Unit filename="SRC/PCx.o" />
		<Unit filename="SRC/PCx2.c">
			<Option compilerVar="CC" />
		</Unit>
		<Unit filename="SRC/PCx2.o" />
		<Unit filename="SRC/algorithm.c">
			<Option compilerVar="CC" />
		</Unit>
		<Unit filename="SRC/algorithm.o" />
		<Unit filename="SRC/basics.c">
			<Option compilerVar="CC" />
		</Unit>
		<Unit filename="SRC/basics.o" />
		<Unit filename="SRC/blkLVL.f" />
		<Unit filename="SRC/blkLVL.o" />
		<Unit filename="SRC/cblas.c">
			<Option compilerVar="CC" />
		</Unit>
		<Unit filename="SRC/cblas.o" />
		<Unit filename="SRC/dcolumns.c">
			<Option compilerVar="CC" />
		</Unit>
		<Unit filename="SRC/dcolumns.o" />
		<Unit filename="SRC/def.h" />
		<Unit filename="SRC/hash.c">
			<Option compilerVar="CC" />
		</Unit>
		<Unit filename="SRC/hash.h" />
		<Unit filename="SRC/hash.o" />
		<Unit filename="SRC/io.c">
			<Option compilerVar="CC" />
		</Unit>
		<Unit filename="SRC/io.o" />
		<Unit filename="SRC/jair.c">
			<Option compilerVar="CC" />
		</Unit>
		<Unit filename="SRC/jair.o" />
		<Unit filename="SRC/libPCx.a" />
		<Unit filename="SRC/lp.c">
			<Option compilerVar="CC" />
		</Unit>
		<Unit filename="SRC/lp.o" />
		<Unit filename="SRC/lpmps.c">
			<Option compilerVar="CC" />
		</Unit>
		<Unit filename="SRC/lpmps.o" />
		<Unit filename="SRC/main.c">
			<Option compilerVar="CC" />
		</Unit>
		<Unit filename="SRC/main.h" />
		<Unit filename="SRC/main.o" />
		<Unit filename="SRC/memory.c">
			<Option compilerVar="CC" />
		</Unit>
		<Unit filename="SRC/memory.h" />
		<Unit filename="SRC/memory.o" />
		<Unit filename="SRC/nullmain.f" />
		<Unit filename="SRC/nullmain.o" />
		<Unit filename="SRC/parameters.c">
			<Option compilerVar="CC" />
		</Unit>
		<Unit filename="SRC/parameters.o" />
		<Unit filename="SRC/pre.h" />
		<Unit filename="SRC/presolve.c">
			<Option compilerVar="CC" />
		</Unit>
		<Unit filename="SRC/presolve.o" />
		<Unit filename="SRC/rcm.c">
			<Option compilerVar="CC" />
		</Unit>
		<Unit filename="SRC/rcm.h" />
		<Unit filename="SRC/rcm.o" />
		<Unit filename="SRC/readmps.c">
			<Option compilerVar="CC" />
		</Unit>
		<Unit filename="SRC/readmps.o" />
		<Unit filename="SRC/scale.c">
			<Option compilerVar="CC" />
		</Unit>
		<Unit filename="SRC/scale.o" />
		<Unit filename="SRC/solve.c">
			<Option compilerVar="CC" />
		</Unit>
		<Unit filename="SRC/solve.o" />
		<Unit filename="SRC/solver.h" />
		<Unit filename="SRC/split.c">
			<Option compilerVar="CC" />
		</Unit>
		<Unit filename="SRC/split.o" />
		<Unit filename="SRC/splitting.h" />
		<Unit filename="SRC/timers.c">
			<Option compilerVar="CC" />
		</Unit>
		<Unit filename="SRC/timers.o" />
		<Unit filename="SRC/wrappers.c">
			<Option compilerVar="CC" />
		</Unit>
		<Unit filename="SRC/wrappers.o" />
		<Unit filename="SRC/writemps.c">
			<Option compilerVar="CC" />
		</Unit>
		<Unit filename="SRC/wssmp.c">
			<Option compilerVar="CC" />
		</Unit>
		<Extensions>
			<code_completion />
			<debugger />
		</Extensions>
	</Project>
</CodeBlocks_project_file>
